
Microsoft Visual Studio Solution File, Format Version 12.00
# Visual Studio Version 16
VisualStudioVersion = 16.0.29102.190
MinimumVisualStudioVersion = 10.0.40219.1
Project("{FAE04EC0-301F-11D3-BF4B-00C04F79EFBC}") = "CKGLTest", "Examples\CKGLTest\CKGLTest.csproj", "{CEC96C5C-D0CF-48FE-824F-821DF573B850}"
EndProject
Project("{9A19103F-16F7-4668-BE54-9A1E7A4F7556}") = "CKGL", "CKGL\CKGL.csproj", "{185D708A-8291-480D-A4CD-C327B175C074}"
EndProject
Project("{FAE04EC0-301F-11D3-BF4B-00C04F79EFBC}") = "CKGLTest2D", "Examples\CKGLTest2D\CKGLTest2D.csproj", "{22A69C43-AEEA-4DB3-BB9E-731FFD6B8EEC}"
EndProject
Project("{FAE04EC0-301F-11D3-BF4B-00C04F79EFBC}") = "CKGLExampleCube", "Examples\CKGLExampleCube\CKGLExampleCube.csproj", "{05F2A05D-9525-4739-8932-38842E6F1F39}"
EndProject
Project("{2150E333-8FDC-42A3-9474-1A3956D46DE8}") = "Examples", "Examples", "{02193257-C6B0-4E75-B470-6322A41DC5FD}"
EndProject
Project("{FAE04EC0-301F-11D3-BF4B-00C04F79EFBC}") = "LofiEarth", "Examples\LofiEarth\LofiEarth.csproj", "{D0E9D295-896E-46E5-8F74-AA6E0B2E70A7}"
EndProject
Project("{9A19103F-16F7-4668-BE54-9A1E7A4F7556}") = "NETCoreTest", "Examples\NETCoreTest\NETCoreTest.csproj", "{D757DDBA-20DD-4E22-AD16-95D48BB072B9}"
EndProject
Project("{FAE04EC0-301F-11D3-BF4B-00C04F79EFBC}") = "NormalMapping", "Examples\NormalMapping\NormalMapping.csproj", "{D2C84CA6-E081-4BB4-AB81-32C07FCF151F}"
EndProject
Global
	GlobalSection(SolutionConfigurationPlatforms) = preSolution
		Debug|Any CPU = Debug|Any CPU
		Release|Any CPU = Release|Any CPU
	EndGlobalSection
	GlobalSection(ProjectConfigurationPlatforms) = postSolution
		{CEC96C5C-D0CF-48FE-824F-821DF573B850}.Debug|Any CPU.ActiveCfg = Debug|Any CPU
		{CEC96C5C-D0CF-48FE-824F-821DF573B850}.Debug|Any CPU.Build.0 = Debug|Any CPU
		{CEC96C5C-D0CF-48FE-824F-821DF573B850}.Release|Any CPU.ActiveCfg = Release|Any CPU
		{CEC96C5C-D0CF-48FE-824F-821DF573B850}.Release|Any CPU.Build.0 = Release|Any CPU
		{185D708A-8291-480D-A4CD-C327B175C074}.Debug|Any CPU.ActiveCfg = Debug|Any CPU
		{185D708A-8291-480D-A4CD-C327B175C074}.Debug|Any CPU.Build.0 = Debug|Any CPU
		{185D708A-8291-480D-A4CD-C327B175C074}.Release|Any CPU.ActiveCfg = Release|Any CPU
		{185D708A-8291-480D-A4CD-C327B175C074}.Release|Any CPU.Build.0 = Release|Any CPU
		{22A69C43-AEEA-4DB3-BB9E-731FFD6B8EEC}.Debug|Any CPU.ActiveCfg = Debug|Any CPU
		{22A69C43-AEEA-4DB3-BB9E-731FFD6B8EEC}.Debug|Any CPU.Build.0 = Debug|Any CPU
		{22A69C43-AEEA-4DB3-BB9E-731FFD6B8EEC}.Release|Any CPU.ActiveCfg = Release|Any CPU
		{22A69C43-AEEA-4DB3-BB9E-731FFD6B8EEC}.Release|Any CPU.Build.0 = Release|Any CPU
		{05F2A05D-9525-4739-8932-38842E6F1F39}.Debug|Any CPU.ActiveCfg = Debug|Any CPU
		{05F2A05D-9525-4739-8932-38842E6F1F39}.Debug|Any CPU.Build.0 = Debug|Any CPU
		{05F2A05D-9525-4739-8932-38842E6F1F39}.Release|Any CPU.ActiveCfg = Release|Any CPU
		{05F2A05D-9525-4739-8932-38842E6F1F39}.Release|Any CPU.Build.0 = Release|Any CPU
		{D0E9D295-896E-46E5-8F74-AA6E0B2E70A7}.Debug|Any CPU.ActiveCfg = Debug|Any CPU
		{D0E9D295-896E-46E5-8F74-AA6E0B2E70A7}.Debug|Any CPU.Build.0 = Debug|Any CPU
		{D0E9D295-896E-46E5-8F74-AA6E0B2E70A7}.Release|Any CPU.ActiveCfg = Release|Any CPU
		{D0E9D295-896E-46E5-8F74-AA6E0B2E70A7}.Release|Any CPU.Build.0 = Release|Any CPU
		{D757DDBA-20DD-4E22-AD16-95D48BB072B9}.Debug|Any CPU.ActiveCfg = Debug|Any CPU
		{D757DDBA-20DD-4E22-AD16-95D48BB072B9}.Debug|Any CPU.Build.0 = Debug|Any CPU
		{D757DDBA-20DD-4E22-AD16-95D48BB072B9}.Release|Any CPU.ActiveCfg = Release|Any CPU
		{D757DDBA-20DD-4E22-AD16-95D48BB072B9}.Release|Any CPU.Build.0 = Release|Any CPU
		{D2C84CA6-E081-4BB4-AB81-32C07FCF151F}.Debug|Any CPU.ActiveCfg = Debug|Any CPU
		{D2C84CA6-E081-4BB4-AB81-32C07FCF151F}.Debug|Any CPU.Build.0 = Debug|Any CPU
		{D2C84CA6-E081-4BB4-AB81-32C07FCF151F}.Release|Any CPU.ActiveCfg = Release|Any CPU
		{D2C84CA6-E081-4BB4-AB81-32C07FCF151F}.Release|Any CPU.Build.0 = Release|Any CPU
	EndGlobalSection
	GlobalSection(SolutionProperties) = preSolution
		HideSolutionNode = FALSE
	EndGlobalSection
	GlobalSection(NestedProjects) = preSolution
		{CEC96C5C-D0CF-48FE-824F-821DF573B850} = {02193257-C6B0-4E75-B470-6322A41DC5FD}
		{22A69C43-AEEA-4DB3-BB9E-731FFD6B8EEC} = {02193257-C6B0-4E75-B470-6322A41DC5FD}
		{05F2A05D-9525-4739-8932-38842E6F1F39} = {02193257-C6B0-4E75-B470-6322A41DC5FD}
		{D0E9D295-896E-46E5-8F74-AA6E0B2E70A7} = {02193257-C6B0-4E75-B470-6322A41DC5FD}
		{D757DDBA-20DD-4E22-AD16-95D48BB072B9} = {02193257-C6B0-4E75-B470-6322A41DC5FD}
		{D2C84CA6-E081-4BB4-AB81-32C07FCF151F} = {02193257-C6B0-4E75-B470-6322A41DC5FD}
	EndGlobalSection
	GlobalSection(ExtensibilityGlobals) = postSolution
		SolutionGuid = {7604F5E2-FBBA-4692-AB2E-0A50C88F1DE5}
	EndGlobalSection
EndGlobal
